// !$*UTF8*$!
{
	archiveVersion = 1;
	classes = {
	};
	objectVersion = 46;
	objects = {

/* Begin PBXAggregateTarget section */
		F225B7E22036B5F900A369E1 /* Aggregate */ = {
			isa = PBXAggregateTarget;
			buildConfigurationList = F225B7E32036B5F900A369E1 /* Build configuration list for PBXAggregateTarget "Aggregate" */;
			buildPhases = (
				F225B7E62036B60600A369E1 /* Run Script */,
			);
			dependencies = (
			);
			name = Aggregate;
			productName = Aggregate;
		};
/* End PBXAggregateTarget section */

/* Begin PBXBuildFile section */
		1F83AA791E8CDDFA0095638E /* AppDelegate.swift in Sources */ = {isa = PBXBuildFile; fileRef = 1F83AA781E8CDDFA0095638E /* AppDelegate.swift */; };
		1F83AA7B1E8CDDFA0095638E /* ViewController.swift in Sources */ = {isa = PBXBuildFile; fileRef = 1F83AA7A1E8CDDFA0095638E /* ViewController.swift */; };
		1F83AA7E1E8CDDFA0095638E /* Main.storyboard in Resources */ = {isa = PBXBuildFile; fileRef = 1F83AA7C1E8CDDFA0095638E /* Main.storyboard */; };
		1F83AA801E8CDDFA0095638E /* Assets.xcassets in Resources */ = {isa = PBXBuildFile; fileRef = 1F83AA7F1E8CDDFA0095638E /* Assets.xcassets */; };
		1F83AA831E8CDDFA0095638E /* LaunchScreen.storyboard in Resources */ = {isa = PBXBuildFile; fileRef = 1F83AA811E8CDDFA0095638E /* LaunchScreen.storyboard */; };
		F225B7E02036B55100A369E1 /* RxSwift.framework in Frameworks */ = {isa = PBXBuildFile; fileRef = F225B7DE2036B55100A369E1 /* RxSwift.framework */; };
		F225B7E12036B55100A369E1 /* RxCocoa.framework in Frameworks */ = {isa = PBXBuildFile; fileRef = F225B7DF2036B55100A369E1 /* RxCocoa.framework */; };
/* End PBXBuildFile section */

/* Begin PBXFileReference section */
		1F83AA751E8CDDFA0095638E /* HelloRx.app */ = {isa = PBXFileReference; explicitFileType = wrapper.application; includeInIndex = 0; path = HelloRx.app; sourceTree = BUILT_PRODUCTS_DIR; };
		1F83AA781E8CDDFA0095638E /* AppDelegate.swift */ = {isa = PBXFileReference; lastKnownFileType = sourcecode.swift; path = AppDelegate.swift; sourceTree = "<group>"; };
		1F83AA7A1E8CDDFA0095638E /* ViewController.swift */ = {isa = PBXFileReference; lastKnownFileType = sourcecode.swift; path = ViewController.swift; sourceTree = "<group>"; };
		1F83AA7D1E8CDDFA0095638E /* Base */ = {isa = PBXFileReference; lastKnownFileType = file.storyboard; name = Base; path = Base.lproj/Main.storyboard; sourceTree = "<group>"; };
		1F83AA7F1E8CDDFA0095638E /* Assets.xcassets */ = {isa = PBXFileReference; lastKnownFileType = folder.assetcatalog; path = Assets.xcassets; sourceTree = "<group>"; };
		1F83AA821E8CDDFA0095638E /* Base */ = {isa = PBXFileReference; lastKnownFileType = file.storyboard; name = Base; path = Base.lproj/LaunchScreen.storyboard; sourceTree = "<group>"; };
		1F83AA841E8CDDFA0095638E /* Info.plist */ = {isa = PBXFileReference; lastKnownFileType = text.plist.xml; path = Info.plist; sourceTree = "<group>"; };
		F225B7DE2036B55100A369E1 /* RxSwift.framework */ = {isa = PBXFileReference; lastKnownFileType = wrapper.framework; name = RxSwift.framework; path = Carthage/Build/iOS/RxSwift.framework; sourceTree = "<group>"; };
		F225B7DF2036B55100A369E1 /* RxCocoa.framework */ = {isa = PBXFileReference; lastKnownFileType = wrapper.framework; name = RxCocoa.framework; path = Carthage/Build/iOS/RxCocoa.framework; sourceTree = "<group>"; };
/* End PBXFileReference section */

/* Begin PBXFrameworksBuildPhase section */
		1F83AA721E8CDDF90095638E /* Frameworks */ = {
			isa = PBXFrameworksBuildPhase;
			buildActionMask = 2147483647;
			files = (
				F225B7E12036B55100A369E1 /* RxCocoa.framework in Frameworks */,
				F225B7E02036B55100A369E1 /* RxSwift.framework in Frameworks */,
			);
			runOnlyForDeploymentPostprocessing = 0;
		};
/* End PBXFrameworksBuildPhase section */

/* Begin PBXGroup section */
		1F83AA6C1E8CDDF90095638E = {
			isa = PBXGroup;
			children = (
				1F83AA771E8CDDFA0095638E /* HelloRx */,
				1F83AA761E8CDDFA0095638E /* Products */,
				65898C389B661C427C31F871 /* Frameworks */,
			);
			sourceTree = "<group>";
		};
		1F83AA761E8CDDFA0095638E /* Products */ = {
			isa = PBXGroup;
			children = (
				1F83AA751E8CDDFA0095638E /* HelloRx.app */,
			);
			name = Products;
			sourceTree = "<group>";
		};
		1F83AA771E8CDDFA0095638E /* HelloRx */ = {
			isa = PBXGroup;
			children = (
				1F83AA781E8CDDFA0095638E /* AppDelegate.swift */,
				1F83AA7A1E8CDDFA0095638E /* ViewController.swift */,
				1F83AA7C1E8CDDFA0095638E /* Main.storyboard */,
				1F83AA7F1E8CDDFA0095638E /* Assets.xcassets */,
				1F83AA811E8CDDFA0095638E /* LaunchScreen.storyboard */,
				1F83AA841E8CDDFA0095638E /* Info.plist */,
			);
			path = HelloRx;
			sourceTree = "<group>";
		};
		65898C389B661C427C31F871 /* Frameworks */ = {
			isa = PBXGroup;
			children = (
				F225B7DF2036B55100A369E1 /* RxCocoa.framework */,
				F225B7DE2036B55100A369E1 /* RxSwift.framework */,
			);
			name = Frameworks;
			sourceTree = "<group>";
		};
/* End PBXGroup section */

/* Begin PBXNativeTarget section */
		1F83AA741E8CDDF90095638E /* HelloRx */ = {
			isa = PBXNativeTarget;
			buildConfigurationList = 1F83AA871E8CDDFA0095638E /* Build configuration list for PBXNativeTarget "HelloRx" */;
			buildPhases = (
				1F83AA711E8CDDF90095638E /* Sources */,
				1F83AA721E8CDDF90095638E /* Frameworks */,
				1F83AA731E8CDDF90095638E /* Resources */,
			);
			buildRules = (
			);
			dependencies = (
			);
			name = HelloRx;
			productName = HelloRx;
			productReference = 1F83AA751E8CDDFA0095638E /* HelloRx.app */;
			productType = "com.apple.product-type.application";
		};
/* End PBXNativeTarget section */

/* Begin PBXProject section */
		1F83AA6D1E8CDDF90095638E /* Project object */ = {
			isa = PBXProject;
			attributes = {
				LastSwiftUpdateCheck = 0820;
				LastUpgradeCheck = 0820;
				ORGANIZATIONNAME = toshi0383;
				TargetAttributes = {
					1F83AA741E8CDDF90095638E = {
						CreatedOnToolsVersion = 8.2.1;
						ProvisioningStyle = Automatic;
					};
					F225B7E22036B5F900A369E1 = {
						CreatedOnToolsVersion = 9.2;
						ProvisioningStyle = Automatic;
					};
				};
			};
			buildConfigurationList = 1F83AA701E8CDDF90095638E /* Build configuration list for PBXProject "HelloRx" */;
			compatibilityVersion = "Xcode 3.2";
			developmentRegion = English;
			hasScannedForEncodings = 0;
			knownRegions = (
				en,
				Base,
			);
			mainGroup = 1F83AA6C1E8CDDF90095638E;
			productRefGroup = 1F83AA761E8CDDFA0095638E /* Products */;
			projectDirPath = "";
			projectRoot = "";
			targets = (
				1F83AA741E8CDDF90095638E /* HelloRx */,
				F225B7E22036B5F900A369E1 /* Aggregate */,
			);
		};
/* End PBXProject section */

/* Begin PBXResourcesBuildPhase section */
		1F83AA731E8CDDF90095638E /* Resources */ = {
			isa = PBXResourcesBuildPhase;
			buildActionMask = 2147483647;
			files = (
				1F83AA831E8CDDFA0095638E /* LaunchScreen.storyboard in Resources */,
				1F83AA801E8CDDFA0095638E /* Assets.xcassets in Resources */,
				1F83AA7E1E8CDDFA0095638E /* Main.storyboard in Resources */,
			);
			runOnlyForDeploymentPostprocessing = 0;
		};
/* End PBXResourcesBuildPhase section */

/* Begin PBXShellScriptBuildPhase section */
		F225B7E62036B60600A369E1 /* Run Script */ = {
			isa = PBXShellScriptBuildPhase;
			buildActionMask = 2147483647;
			files = (
			);
			inputPaths = (
			);
			name = "Run Script";
			outputPaths = (
			);
			runOnlyForDeploymentPostprocessing = 0;
			shellPath = /bin/sh;
			shellScript = "cp -rv \"${SRCROOT}/Carthage/Build/iOS/\" \"${BUILT_PRODUCTS_DIR}/${FRAMEWORKS_FOLDER_PATH}\"   ";
		};
/* End PBXShellScriptBuildPhase section */

/* Begin PBXSourcesBuildPhase section */
		1F83AA711E8CDDF90095638E /* Sources */ = {
			isa = PBXSourcesBuildPhase;
			buildActionMask = 2147483647;
			files = (
				1F83AA7B1E8CDDFA0095638E /* ViewController.swift in Sources */,
				1F83AA791E8CDDFA0095638E /* AppDelegate.swift in Sources */,
			);
			runOnlyForDeploymentPostprocessing = 0;
		};
/* End PBXSourcesBuildPhase section */

/* Begin PBXVariantGroup section */
		1F83AA7C1E8CDDFA0095638E /* Main.storyboard */ = {
			isa = PBXVariantGroup;
			children = (
				1F83AA7D1E8CDDFA0095638E /* Base */,
			);
			name = Main.storyboard;
			sourceTree = "<group>";
		};
		1F83AA811E8CDDFA0095638E /* LaunchScreen.storyboard */ = {
			isa = PBXVariantGroup;
			children = (
				1F83AA821E8CDDFA0095638E /* Base */,
			);
			name = LaunchScreen.storyboard;
			sourceTree = "<group>";
		};
/* End PBXVariantGroup section */

/* Begin XCBuildConfiguration section */
		1F83AA851E8CDDFA0095638E /* Debug */ = {
			isa = XCBuildConfiguration;
			buildSettings = {
				ALWAYS_SEARCH_USER_PATHS = NO;
				CLANG_ANALYZER_NONNULL = YES;
				CLANG_CXX_LANGUAGE_STANDARD = "gnu++0x";
				CLANG_CXX_LIBRARY = "libc++";
				CLANG_ENABLE_MODULES = YES;
				CLANG_ENABLE_OBJC_ARC = YES;
				CLANG_WARN_BOOL_CONVERSION = YES;
				CLANG_WARN_CONSTANT_CONVERSION = YES;
				CLANG_WARN_DIRECT_OBJC_ISA_USAGE = YES_ERROR;
				CLANG_WARN_DOCUMENTATION_COMMENTS = YES;
				CLANG_WARN_EMPTY_BODY = YES;
				CLANG_WARN_ENUM_CONVERSION = YES;
				CLANG_WARN_INFINITE_RECURSION = YES;
				CLANG_WARN_INT_CONVERSION = YES;
				CLANG_WARN_OBJC_ROOT_CLASS = YES_ERROR;
				CLANG_WARN_SUSPICIOUS_MOVE = YES;
				CLANG_WARN_UNREACHABLE_CODE = YES;
				CLANG_WARN__DUPLICATE_METHOD_MATCH = YES;
				"CODE_SIGN_IDENTITY[sdk=iphoneos*]" = "iPhone Developer";
				COPY_PHASE_STRIP = NO;
				DEBUG_INFORMATION_FORMAT = dwarf;
				ENABLE_STRICT_OBJC_MSGSEND = YES;
				ENABLE_TESTABILITY = YES;
				GCC_C_LANGUAGE_STANDARD = gnu99;
				GCC_DYNAMIC_NO_PIC = NO;
				GCC_NO_COMMON_BLOCKS = YES;
				GCC_OPTIMIZATION_LEVEL = 0;
				GCC_PREPROCESSOR_DEFINITIONS = (
					"DEBUG=1",
					"$(inherited)",
				);
				GCC_WARN_64_TO_32_BIT_CONVERSION = YES;
				GCC_WARN_ABOUT_RETURN_TYPE = YES_ERROR;
				GCC_WARN_UNDECLARED_SELECTOR = YES;
				GCC_WARN_UNINITIALIZED_AUTOS = YES_AGGRESSIVE;
				GCC_WARN_UNUSED_FUNCTION = YES;
				GCC_WARN_UNUSED_VARIABLE = YES;
				IPHONEOS_DEPLOYMENT_TARGET = 10.2;
				MTL_ENABLE_DEBUG_INFO = YES;
				ONLY_ACTIVE_ARCH = YES;
				SDKROOT = iphoneos;
				SWIFT_ACTIVE_COMPILATION_CONDITIONS = DEBUG;
				SWIFT_OPTIMIZATION_LEVEL = "-Onone";
				TARGETED_DEVICE_FAMILY = "1,2";
			};
			name = Debug;
		};
		1F83AA861E8CDDFA0095638E /* Release */ = {
			isa = XCBuildConfiguration;
			buildSettings = {
				ALWAYS_SEARCH_USER_PATHS = NO;
				CLANG_ANALYZER_NONNULL = YES;
				CLANG_CXX_LANGUAGE_STANDARD = "gnu++0x";
				CLANG_CXX_LIBRARY = "libc++";
				CLANG_ENABLE_MODULES = YES;
				CLANG_ENABLE_OBJC_ARC = YES;
				CLANG_WARN_BOOL_CONVERSION = YES;
				CLANG_WARN_CONSTANT_CONVERSION = YES;
				CLANG_WARN_DIRECT_OBJC_ISA_USAGE = YES_ERROR;
				CLANG_WARN_DOCUMENTATION_COMMENTS = YES;
				CLANG_WARN_EMPTY_BODY = YES;
				CLANG_WARN_ENUM_CONVERSION = YES;
				CLANG_WARN_INFINITE_RECURSION = YES;
				CLANG_WARN_INT_CONVERSION = YES;
				CLANG_WARN_OBJC_ROOT_CLASS = YES_ERROR;
				CLANG_WARN_SUSPICIOUS_MOVE = YES;
				CLANG_WARN_UNREACHABLE_CODE = YES;
				CLANG_WARN__DUPLICATE_METHOD_MATCH = YES;
				"CODE_SIGN_IDENTITY[sdk=iphoneos*]" = "iPhone Developer";
				COPY_PHASE_STRIP = NO;
				DEBUG_INFORMATION_FORMAT = "dwarf-with-dsym";
				ENABLE_NS_ASSERTIONS = NO;
				ENABLE_STRICT_OBJC_MSGSEND = YES;
				GCC_C_LANGUAGE_STANDARD = gnu99;
				GCC_NO_COMMON_BLOCKS = YES;
				GCC_WARN_64_TO_32_BIT_CONVERSION = YES;
				GCC_WARN_ABOUT_RETURN_TYPE = YES_ERROR;
				GCC_WARN_UNDECLARED_SELECTOR = YES;
				GCC_WARN_UNINITIALIZED_AUTOS = YES_AGGRESSIVE;
				GCC_WARN_UNUSED_FUNCTION = YES;
				GCC_WARN_UNUSED_VARIABLE = YES;
				IPHONEOS_DEPLOYMENT_TARGET = 10.2;
				MTL_ENABLE_DEBUG_INFO = NO;
				SDKROOT = iphoneos;
				SWIFT_OPTIMIZATION_LEVEL = "-Owholemodule";
				TARGETED_DEVICE_FAMILY = "1,2";
				VALIDATE_PRODUCT = YES;
			};
			name = Release;
		};
		1F83AA881E8CDDFA0095638E /* Debug */ = {
			isa = XCBuildConfiguration;
			buildSettings = {
				ASSETCATALOG_COMPILER_APPICON_NAME = AppIcon;
				FRAMEWORK_SEARCH_PATHS = (
					"$(inherited)",
					"$(PROJECT_DIR)/Carthage/Build/iOS",
				);
				INFOPLIST_FILE = HelloRx/Info.plist;
				LD_RUNPATH_SEARCH_PATHS = "$(inherited) @executable_path/Frameworks";
				PRODUCT_BUNDLE_IDENTIFIER = jp.toshi0383.HelloRx;
				PRODUCT_NAME = "$(TARGET_NAME)";
				SWIFT_VERSION = 3.0;
			};
			name = Debug;
		};
		1F83AA891E8CDDFA0095638E /* Release */ = {
			isa = XCBuildConfiguration;
			buildSettings = {
				ASSETCATALOG_COMPILER_APPICON_NAME = AppIcon;
				FRAMEWORK_SEARCH_PATHS = (
					"$(inherited)",
					"$(PROJECT_DIR)/Carthage/Build/iOS",
				);
				INFOPLIST_FILE = HelloRx/Info.plist;
				LD_RUNPATH_SEARCH_PATHS = "$(inherited) @executable_path/Frameworks";
				PRODUCT_BUNDLE_IDENTIFIER = jp.toshi0383.HelloRx;
				PRODUCT_NAME = "$(TARGET_NAME)";
				SWIFT_VERSION = 3.0;
			};
			name = Release;
		};
		F225B7E42036B5F900A369E1 /* Debug */ = {
			isa = XCBuildConfiguration;
			buildSettings = {
				CODE_SIGN_STYLE = Automatic;
				PRODUCT_NAME = "$(TARGET_NAME)";
			};
			name = Debug;
		};
		F225B7E52036B5F900A369E1 /* Release */ = {
			isa = XCBuildConfiguration;
			buildSettings = {
				CODE_SIGN_STYLE = Automatic;
				PRODUCT_NAME = "$(TARGET_NAME)";
			};
			name = Release;
		};
/* End XCBuildConfiguration section */

/* Begin XCConfigurationList section */
		1F83AA701E8CDDF90095638E /* Build configuration list for PBXProject "HelloRx" */ = {
			isa = XCConfigurationList;
			buildConfigurations = (
				1F83AA851E8CDDFA0095638E /* Debug */,
				1F83AA861E8CDDFA0095638E /* Release */,
			);
			defaultConfigurationIsVisible = 0;
			defaultConfigurationName = Release;
		};
		1F83AA871E8CDDFA0095638E /* Build configuration list for PBXNativeTarget "HelloRx" */ = {
			isa = XCConfigurationList;
			buildConfigurations = (
				1F83AA881E8CDDFA0095638E /* Debug */,
				1F83AA891E8CDDFA0095638E /* Release */,
			);
			defaultConfigurationIsVisible = 0;
			defaultConfigurationName = Release;
		};
		F225B7E32036B5F900A369E1 /* Build configuration list for PBXAggregateTarget "Aggregate" */ = {
			isa = XCConfigurationList;
			buildConfigurations = (
				F225B7E42036B5F900A369E1 /* Debug */,
				F225B7E52036B5F900A369E1 /* Release */,
			);
			defaultConfigurationIsVisible = 0;
			defaultConfigurationName = Release;
		};
/* End XCConfigurationList section */
	};
	rootObject = 1F83AA6D1E8CDDF90095638E /* Project object */;
}
